
Microsoft Visual Studio Solution File, Format Version 12.00
# Visual Studio Version 17
VisualStudioVersion = 17.5.33516.290
MinimumVisualStudioVersion = 10.0.40219.1
Project("{8BC9CEB8-8B4A-11D0-8D11-00A0C91BC942}") = "object_list_proc_app", "object_list_proc_app\object_list_proc_app.vcxproj", "{E74AC4CA-972E-4F9C-9751-12E61586DC61}"
EndProject
Global
	GlobalSection(SolutionConfigurationPlatforms) = preSolution
		Debug|x64 = Debug|x64
		Debug|x86 = Debug|x86
		Release|x64 = Release|x64
		Release|x86 = Release|x86
	EndGlobalSection
	GlobalSection(ProjectConfigurationPlatforms) = postSolution
		{E74AC4CA-972E-4F9C-9751-12E61586DC61}.Debug|x64.ActiveCfg = Debug|x64
		{E74AC4CA-972E-4F9C-9751-12E61586DC61}.Debug|x64.Build.0 = Debug|x64
		{E74AC4CA-972E-4F9C-9751-12E61586DC61}.Debug|x86.ActiveCfg = Debug|Win32
		{E74AC4CA-972E-4F9C-9751-12E61586DC61}.Debug|x86.Build.0 = Debug|Win32
		{E74AC4CA-972E-4F9C-9751-12E61586DC61}.Release|x64.ActiveCfg = Release|x64
		{E74AC4CA-972E-4F9C-9751-12E61586DC61}.Release|x64.Build.0 = Release|x64
		{E74AC4CA-972E-4F9C-9751-12E61586DC61}.Release|x86.ActiveCfg = Release|Win32
		{E74AC4CA-972E-4F9C-9751-12E61586DC61}.Release|x86.Build.0 = Release|Win32
	EndGlobalSection
	GlobalSection(SolutionProperties) = preSolution
		HideSolutionNode = FALSE
	EndGlobalSection
	GlobalSection(ExtensibilityGlobals) = postSolution
		SolutionGuid = {216B0C2E-C975-4509-9DEA-3888C04DCEA5}
	EndGlobalSection
EndGlobal
